
Microsoft Visual Studio Solution File, Format Version 12.00
# Visual Studio Version 16
VisualStudioVersion = 16.0.28803.352
MinimumVisualStudioVersion = 10.0.40219.1
Project("{FAE04EC0-301F-11D3-BF4B-00C04F79EFBC}") = "Cvc.Crm.Operation", "Cvc.Crm.Operation\Cvc.Crm.Operation.csproj", "{FEA125A5-619B-41EA-BFB8-DA50CA410A6F}"
EndProject
Project("{FAE04EC0-301F-11D3-BF4B-00C04F79EFBC}") = "Cvc.Crm.ConsoleApp", "Cvc.Crm.ConsoleApp\Cvc.Crm.ConsoleApp.csproj", "{DBDCC835-0C76-453C-9920-23AF3E1E2762}"
EndProject
Global
	GlobalSection(SolutionConfigurationPlatforms) = preSolution
		Debug|Any CPU = Debug|Any CPU
		Release|Any CPU = Release|Any CPU
	EndGlobalSection
	GlobalSection(ProjectConfigurationPlatforms) = postSolution
		{FEA125A5-619B-41EA-BFB8-DA50CA410A6F}.Debug|Any CPU.ActiveCfg = Debug|Any CPU
		{FEA125A5-619B-41EA-BFB8-DA50CA410A6F}.Debug|Any CPU.Build.0 = Debug|Any CPU
		{FEA125A5-619B-41EA-BFB8-DA50CA410A6F}.Release|Any CPU.ActiveCfg = Release|Any CPU
		{FEA125A5-619B-41EA-BFB8-DA50CA410A6F}.Release|Any CPU.Build.0 = Release|Any CPU
		{DBDCC835-0C76-453C-9920-23AF3E1E2762}.Debug|Any CPU.ActiveCfg = Debug|Any CPU
		{DBDCC835-0C76-453C-9920-23AF3E1E2762}.Debug|Any CPU.Build.0 = Debug|Any CPU
		{DBDCC835-0C76-453C-9920-23AF3E1E2762}.Release|Any CPU.ActiveCfg = Release|Any CPU
		{DBDCC835-0C76-453C-9920-23AF3E1E2762}.Release|Any CPU.Build.0 = Release|Any CPU
	EndGlobalSection
	GlobalSection(SolutionProperties) = preSolution
		HideSolutionNode = FALSE
	EndGlobalSection
	GlobalSection(ExtensibilityGlobals) = postSolution
		SolutionGuid = {0509B7C6-2E7D-436F-A73B-05BD848601B1}
	EndGlobalSection
EndGlobal
